
Microsoft Visual Studio Solution File, Format Version 12.00
# Visual Studio 15
VisualStudioVersion = 15.0.26730.3
MinimumVisualStudioVersion = 10.0.40219.1
Project("{FAE04EC0-301F-11D3-BF4B-00C04F79EFBC}") = "70321_1_Lankevich", "70321_1_Lankevich\70321_1_Lankevich.csproj", "{89EAC603-62BD-455E-80F4-8246CD4C5CB1}"
EndProject
Project("{FAE04EC0-301F-11D3-BF4B-00C04F79EFBC}") = "70321_1_Lankevich.Tests", "70321_1_Lankevich.Tests\70321_1_Lankevich.Tests.csproj", "{535D026E-D584-4CFC-8CE6-D3BB28EFEAFB}"
EndProject
Project("{FAE04EC0-301F-11D3-BF4B-00C04F79EFBC}") = "70321_1_Lankevich.DAL", "70321_1_Lankevich.DAL\70321_1_Lankevich.DAL.csproj", "{478F9B9C-9265-4016-8374-662A18BB4ABD}"
EndProject
Global
	GlobalSection(SolutionConfigurationPlatforms) = preSolution
		Debug|Any CPU = Debug|Any CPU
		Release|Any CPU = Release|Any CPU
	EndGlobalSection
	GlobalSection(ProjectConfigurationPlatforms) = postSolution
		{89EAC603-62BD-455E-80F4-8246CD4C5CB1}.Debug|Any CPU.ActiveCfg = Debug|Any CPU
		{89EAC603-62BD-455E-80F4-8246CD4C5CB1}.Debug|Any CPU.Build.0 = Debug|Any CPU
		{89EAC603-62BD-455E-80F4-8246CD4C5CB1}.Release|Any CPU.ActiveCfg = Release|Any CPU
		{89EAC603-62BD-455E-80F4-8246CD4C5CB1}.Release|Any CPU.Build.0 = Release|Any CPU
		{535D026E-D584-4CFC-8CE6-D3BB28EFEAFB}.Debug|Any CPU.ActiveCfg = Debug|Any CPU
		{535D026E-D584-4CFC-8CE6-D3BB28EFEAFB}.Debug|Any CPU.Build.0 = Debug|Any CPU
		{535D026E-D584-4CFC-8CE6-D3BB28EFEAFB}.Release|Any CPU.ActiveCfg = Release|Any CPU
		{535D026E-D584-4CFC-8CE6-D3BB28EFEAFB}.Release|Any CPU.Build.0 = Release|Any CPU
		{478F9B9C-9265-4016-8374-662A18BB4ABD}.Debug|Any CPU.ActiveCfg = Debug|Any CPU
		{478F9B9C-9265-4016-8374-662A18BB4ABD}.Debug|Any CPU.Build.0 = Debug|Any CPU
		{478F9B9C-9265-4016-8374-662A18BB4ABD}.Release|Any CPU.ActiveCfg = Release|Any CPU
		{478F9B9C-9265-4016-8374-662A18BB4ABD}.Release|Any CPU.Build.0 = Release|Any CPU
	EndGlobalSection
	GlobalSection(SolutionProperties) = preSolution
		HideSolutionNode = FALSE
	EndGlobalSection
	GlobalSection(ExtensibilityGlobals) = postSolution
		SolutionGuid = {3CEEEB75-26E7-4C40-974A-03985B0DED11}
	EndGlobalSection
EndGlobal
